{
  "name": "hanachan_v2_final",
  "lockfileVersion": 3,
  "requires": true,
  "packages": {
    "": {
      "dependencies": {
        "@kilocode/cli": "^7.0.33"
      }
    },
    "node_modules/@kilocode/cli": {
      "version": "7.0.33",
      "resolved": "https://registry.npmjs.org/@kilocode/cli/-/cli-7.0.33.tgz",
      "integrity": "sha512-N3x/xYZR2+wDRukLyfsOSGrUZt8s9oTOhowbaQn8/Tnd98NtlogYUEfFFFx+KaRI4D7hFNyVJNx5RpIqVPpVrg==",
      "hasInstallScript": true,
      "license": "MIT",
      "bin": {
        "kilo": "bin/kilo",
        "kilocode": "bin/kilo"
      },
      "optionalDependencies": {
        "@kilocode/cli-darwin-arm64": "7.0.33",
        "@kilocode/cli-darwin-x64": "7.0.33",
        "@kilocode/cli-darwin-x64-baseline": "7.0.33",
        "@kilocode/cli-linux-arm64": "7.0.33",
        "@kilocode/cli-linux-arm64-musl": "7.0.33",
        "@kilocode/cli-linux-x64": "7.0.33",
        "@kilocode/cli-linux-x64-baseline": "7.0.33",
        "@kilocode/cli-linux-x64-baseline-musl": "7.0.33",
        "@kilocode/cli-linux-x64-musl": "7.0.33",
        "@kilocode/cli-windows-x64": "7.0.33",
        "@kilocode/cli-windows-x64-baseline": "7.0.33"
      }
    },
    "node_modules/@kilocode/cli-darwin-arm64": {
      "version": "7.0.33",
      "resolved": "https://registry.npmjs.org/@kilocode/cli-darwin-arm64/-/cli-darwin-arm64-7.0.33.tgz",
      "integrity": "sha512-0QHHcQPPIbRGPZbIMWunlJLevRfukKcgkWKaotyLwmMsp2sacYyb4NvXmrIIz+QMnCw2KMnOGzA2qW6yDZD/mA==",
      "cpu": [
        "arm64"
      ],
      "optional": true,
      "os": [
        "darwin"
      ]
    },
    "node_modules/@kilocode/cli-darwin-x64": {
      "version": "7.0.33",
      "resolved": "https://registry.npmjs.org/@kilocode/cli-darwin-x64/-/cli-darwin-x64-7.0.33.tgz",
      "integrity": "sha512-Whj80Ly2BW4hfbfZ+OyR4ytF+IVORAGyeP2Iv/8cCoFr/VJDHjGcmfD8MEqzjLZWdRKuFTu/BI/mU0eIObzSMg==",
      "cpu": [
        "x64"
      ],
      "optional": true,
      "os": [
        "darwin"
      ]
    },
    "node_modules/@kilocode/cli-darwin-x64-baseline": {
      "version": "7.0.33",
      "resolved": "https://registry.npmjs.org/@kilocode/cli-darwin-x64-baseline/-/cli-darwin-x64-baseline-7.0.33.tgz",
      "integrity": "sha512-J52QXuEMEWCFYUYIqX8U5HVXitHr6uk3AAJpxDs/QCt9ato8h0T8nvDMnEq74cPv6eanX0sbpuyyTXyjjWa2Yg==",
      "cpu": [
        "x64"
      ],
      "optional": true,
      "os": [
        "darwin"
      ]
    },
    "node_modules/@kilocode/cli-linux-arm64": {
      "version": "7.0.33",
      "resolved": "https://registry.npmjs.org/@kilocode/cli-linux-arm64/-/cli-linux-arm64-7.0.33.tgz",
      "integrity": "sha512-SGoa9SVtFw4zn5yRmMvnZsiselQ6BCcaRZcdfjYb+7DZweU4Nmkq9QsPZMaVdtfVST4RoxCEtis0X1U50LvdQw==",
      "cpu": [
        "arm64"
      ],
      "optional": true,
      "os": [
        "linux"
      ]
    },
    "node_modules/@kilocode/cli-linux-arm64-musl": {
      "version": "7.0.33",
      "resolved": "https://registry.npmjs.org/@kilocode/cli-linux-arm64-musl/-/cli-linux-arm64-musl-7.0.33.tgz",
      "integrity": "sha512-Ukyc+C1IZ0qGtKMu9l3Sb/YFvxqWMXcTt1iOpDyT9gEBNZ5SiScmb8iPY8KwbxbLTarCp3zewv2Q9R4K8aybvw==",
      "cpu": [
        "arm64"
      ],
      "optional": true,
      "os": [
        "linux"
      ]
    },
    "node_modules/@kilocode/cli-linux-x64": {
      "version": "7.0.33",
      "resolved": "https://registry.npmjs.org/@kilocode/cli-linux-x64/-/cli-linux-x64-7.0.33.tgz",
      "integrity": "sha512-mzHbCspFz2sId4WAUbyL2YyznHJrTnVJ6VANvAHhHhqHdJ7x3bCX0qpn8jwjD0r52nyXuuQtGzWbluXMSrTVxw==",
      "cpu": [
        "x64"
      ],
      "optional": true,
      "os": [
        "linux"
      ]
    },
    "node_modules/@kilocode/cli-linux-x64-baseline": {
      "version": "7.0.33",
      "resolved": "https://registry.npmjs.org/@kilocode/cli-linux-x64-baseline/-/cli-linux-x64-baseline-7.0.33.tgz",
      "integrity": "sha512-GjuwK1X4naDdTxeQIAhnMZEn1GA5QJPi7+PiUhj/FMJ2UpoiujVtF/5n58rVOWiLeSVkT4LzliiUhtAPj7rpew==",
      "cpu": [
        "x64"
      ],
      "optional": true,
      "os": [
        "linux"
      ]
    },
    "node_modules/@kilocode/cli-linux-x64-baseline-musl": {
      "version": "7.0.33",
      "resolved": "https://registry.npmjs.org/@kilocode/cli-linux-x64-baseline-musl/-/cli-linux-x64-baseline-musl-7.0.33.tgz",
      "integrity": "sha512-J/WoH+PV2L0ljpxy9bYCeiklXjTOtF2dIaI9MszzXDV9PDO6UtXKwoy1x4/jQO8aTemtZin7d2OsaZQPGyexEg==",
      "cpu": [
        "x64"
      ],
      "optional": true,
      "os": [
        "linux"
      ]
    },
    "node_modules/@kilocode/cli-linux-x64-musl": {
      "version": "7.0.33",
      "resolved": "https://registry.npmjs.org/@kilocode/cli-linux-x64-musl/-/cli-linux-x64-musl-7.0.33.tgz",
      "integrity": "sha512-+3YlrIIIEjCU4AzbiJVxfOSRLxBWZ/ycGM5eqqTkMIzm9dteSF7Xuj+EL+cqTelAzGm/PfjJ1R7YFMC1sTiSCw==",
      "cpu": [
        "x64"
      ],
      "optional": true,
      "os": [
        "linux"
      ]
    },
    "node_modules/@kilocode/cli-windows-x64": {
      "version": "7.0.33",
      "resolved": "https://registry.npmjs.org/@kilocode/cli-windows-x64/-/cli-windows-x64-7.0.33.tgz",
      "integrity": "sha512-B/9RYFunj+xS3/4+SzLpXIhoQtwyORHhr8bZmw+EI2NWUo2nEG1BMeMRAuZQOSZsxkTfmSl1C8v+qGrYt20uSQ==",
      "cpu": [
        "x64"
      ],
      "optional": true,
      "os": [
        "win32"
      ]
    },
    "node_modules/@kilocode/cli-windows-x64-baseline": {
      "version": "7.0.33",
      "resolved": "https://registry.npmjs.org/@kilocode/cli-windows-x64-baseline/-/cli-windows-x64-baseline-7.0.33.tgz",
      "integrity": "sha512-is9hGesjh3gWxxJUeTtGzO3tOKI+axUrV+mdoLlDppzRmddy9rZcru6NcNzj9/GeL4Lbdl4nRw2e1T1g1+2lWg==",
      "cpu": [
        "x64"
      ],
      "optional": true,
      "os": [
        "win32"
      ]
    }
  }
}
